
Microsoft Visual Studio Solution File, Format Version 12.00
# Visual Studio Version 17
VisualStudioVersion = 17.11.35327.3
MinimumVisualStudioVersion = 10.0.40219.1
Project("{FAE04EC0-301F-11D3-BF4B-00C04F79EFBC}") = "HalakAPI", "HalakAPI\HalakAPI.csproj", "{D2831EDD-6AF3-48B1-AC06-D5D0E208409A}"
EndProject
Global
	GlobalSection(SolutionConfigurationPlatforms) = preSolution
		Debug|Any CPU = Debug|Any CPU
		Release|Any CPU = Release|Any CPU
	EndGlobalSection
	GlobalSection(ProjectConfigurationPlatforms) = postSolution
		{D2831EDD-6AF3-48B1-AC06-D5D0E208409A}.Debug|Any CPU.ActiveCfg = Debug|Any CPU
		{D2831EDD-6AF3-48B1-AC06-D5D0E208409A}.Debug|Any CPU.Build.0 = Debug|Any CPU
		{D2831EDD-6AF3-48B1-AC06-D5D0E208409A}.Release|Any CPU.ActiveCfg = Release|Any CPU
		{D2831EDD-6AF3-48B1-AC06-D5D0E208409A}.Release|Any CPU.Build.0 = Release|Any CPU
	EndGlobalSection
	GlobalSection(SolutionProperties) = preSolution
		HideSolutionNode = FALSE
	EndGlobalSection
	GlobalSection(ExtensibilityGlobals) = postSolution
		SolutionGuid = {454095EB-1C1C-4312-8F2B-9A36BEB19A28}
	EndGlobalSection
EndGlobal
